{
  "nodes": {
    "nixCats": {
      "locked": {
        "lastModified": 1767604651,
        "narHash": "sha256-itAnxzTpWpY1s3LA/oNngOuZDXT5U5JUZP5fApwx9gs=",
        "owner": "BirdeeHub",
        "repo": "nixCats-nvim",
        "rev": "3c9bc4d7123e1b48d92f25ba505b889af541e897",
        "type": "github"
      },
      "original": {
        "owner": "BirdeeHub",
        "repo": "nixCats-nvim",
        "type": "github"
      }
    },
    "nixpkgs": {
      "locked": {
        "lastModified": 1768395095,
        "narHash": "sha256-ZhuYJbwbZT32QA95tSkXd9zXHcdZj90EzHpEXBMabaw=",
        "owner": "nixos",
        "repo": "nixpkgs",
        "rev": "13868c071cc73a5e9f610c47d7bb08e5da64fdd5",
        "type": "github"
      },
      "original": {
        "owner": "nixos",
        "ref": "nixpkgs-unstable",
        "repo": "nixpkgs",
        "type": "github"
      }
    },
    "plugins-indent-rainbowline.nvim": {
      "flake": false,
      "locked": {
        "lastModified": 1733179713,
        "narHash": "sha256-dSXNtbyPY5ZWT/RCYsmy/swgErJm7zSfaDd5J+15wYc=",
        "owner": "TheGLander",
        "repo": "indent-rainbowline.nvim",
        "rev": "572e8157de85d7af3f0085b5c74c059518900649",
        "type": "github"
      },
      "original": {
        "owner": "TheGLander",
        "repo": "indent-rainbowline.nvim",
        "type": "github"
      }
    },
    "plugins-moegi.nvim": {
      "flake": false,
      "locked": {
        "lastModified": 1764306923,
        "narHash": "sha256-76fK6OkzCXKy9XHtCJW9ijyCuXIkz8oX8Xqn06C4T+A=",
        "owner": "inogai",
        "repo": "moegi.nvim",
        "rev": "2202fcb6ec8789e0f80700832fdd12aa006e5875",
        "type": "github"
      },
      "original": {
        "owner": "inogai",
        "ref": "dev",
        "repo": "moegi.nvim",
        "type": "github"
      }
    },
    "plugins-nvim-treesitter-textobjects": {
      "flake": false,
      "locked": {
        "lastModified": 1768302252,
        "narHash": "sha256-kbnZaUtIKXoBj4tFiQWSpGmI6Doke7PjoetqIhsI8lc=",
        "owner": "nvim-treesitter",
        "repo": "nvim-treesitter-textobjects",
        "rev": "baa6b4ec28c8be5e4a96f9b1b6ae9db85ec422f8",
        "type": "github"
      },
      "original": {
        "owner": "nvim-treesitter",
        "ref": "main",
        "repo": "nvim-treesitter-textobjects",
        "type": "github"
      }
    },
    "plugins-opencode.nvim": {
      "flake": false,
      "locked": {
        "lastModified": 1768533019,
        "narHash": "sha256-iFZ4SHhnYmB8nbzqsZCFzwzKoZ8cVprG2SwTV4zmNME=",
        "owner": "NickvanDyke",
        "repo": "opencode.nvim",
        "rev": "f6a099e2ebc38d3dbc1f8ee5ae103edfe991c353",
        "type": "github"
      },
      "original": {
        "owner": "NickvanDyke",
        "repo": "opencode.nvim",
        "type": "github"
      }
    },
    "root": {
      "inputs": {
        "nixCats": "nixCats",
        "nixpkgs": "nixpkgs",
        "plugins-indent-rainbowline.nvim": "plugins-indent-rainbowline.nvim",
        "plugins-moegi.nvim": "plugins-moegi.nvim",
        "plugins-nvim-treesitter-textobjects": "plugins-nvim-treesitter-textobjects",
        "plugins-opencode.nvim": "plugins-opencode.nvim"
      }
    }
  },
  "root": "root",
  "version": 7
}
