{
  "nodes": {
    "nixCats": {
      "locked": {
        "lastModified": 1768594882,
        "narHash": "sha256-KmVXwe4QDkcZlJbICj4FC83J+ZIT1r5t8nP+dCY/NDk=",
        "owner": "BirdeeHub",
        "repo": "nixCats-nvim",
        "rev": "6a04f1c7d741b1f084324159ab7c15bcedbb1e0a",
        "type": "github"
      },
      "original": {
        "owner": "BirdeeHub",
        "repo": "nixCats-nvim",
        "type": "github"
      }
    },
    "nixpkgs": {
      "locked": {
        "lastModified": 1768569498,
        "narHash": "sha256-bB6Nt99Cj8Nu5nIUq0GLmpiErIT5KFshMQJGMZwgqUo=",
        "owner": "nixos",
        "repo": "nixpkgs",
        "rev": "be5afa0fcb31f0a96bf9ecba05a516c66fcd8114",
        "type": "github"
      },
      "original": {
        "owner": "nixos",
        "ref": "nixpkgs-unstable",
        "repo": "nixpkgs",
        "type": "github"
      }
    },
    "plugins-indent-rainbowline.nvim": {
      "flake": false,
      "locked": {
        "lastModified": 1733179713,
        "narHash": "sha256-dSXNtbyPY5ZWT/RCYsmy/swgErJm7zSfaDd5J+15wYc=",
        "owner": "TheGLander",
        "repo": "indent-rainbowline.nvim",
        "rev": "572e8157de85d7af3f0085b5c74c059518900649",
        "type": "github"
      },
      "original": {
        "owner": "TheGLander",
        "repo": "indent-rainbowline.nvim",
        "type": "github"
      }
    },
    "plugins-moegi.nvim": {
      "flake": false,
      "locked": {
        "lastModified": 1764306923,
        "narHash": "sha256-76fK6OkzCXKy9XHtCJW9ijyCuXIkz8oX8Xqn06C4T+A=",
        "owner": "inogai",
        "repo": "moegi.nvim",
        "rev": "2202fcb6ec8789e0f80700832fdd12aa006e5875",
        "type": "github"
      },
      "original": {
        "owner": "inogai",
        "ref": "dev",
        "repo": "moegi.nvim",
        "type": "github"
      }
    },
    "plugins-nvim-treesitter-textobjects": {
      "flake": false,
      "locked": {
        "lastModified": 1768302252,
        "narHash": "sha256-kbnZaUtIKXoBj4tFiQWSpGmI6Doke7PjoetqIhsI8lc=",
        "owner": "nvim-treesitter",
        "repo": "nvim-treesitter-textobjects",
        "rev": "baa6b4ec28c8be5e4a96f9b1b6ae9db85ec422f8",
        "type": "github"
      },
      "original": {
        "owner": "nvim-treesitter",
        "ref": "main",
        "repo": "nvim-treesitter-textobjects",
        "type": "github"
      }
    },
    "plugins-opencode.nvim": {
      "flake": false,
      "locked": {
        "lastModified": 1768660894,
        "narHash": "sha256-IQL73rdRcgL8uMrGdbiSfI6nB3uHOtxY8apr7xLo/fE=",
        "owner": "NickvanDyke",
        "repo": "opencode.nvim",
        "rev": "364c7336562329f6c901629710070ea6ae256e3b",
        "type": "github"
      },
      "original": {
        "owner": "NickvanDyke",
        "repo": "opencode.nvim",
        "type": "github"
      }
    },
    "root": {
      "inputs": {
        "nixCats": "nixCats",
        "nixpkgs": "nixpkgs",
        "plugins-indent-rainbowline.nvim": "plugins-indent-rainbowline.nvim",
        "plugins-moegi.nvim": "plugins-moegi.nvim",
        "plugins-nvim-treesitter-textobjects": "plugins-nvim-treesitter-textobjects",
        "plugins-opencode.nvim": "plugins-opencode.nvim"
      }
    }
  },
  "root": "root",
  "version": 7
}
